
Microsoft Visual Studio Solution File, Format Version 12.00
# Visual Studio 2012
Project("{FAE04EC0-301F-11D3-BF4B-00C04F79EFBC}") = "FiveStartest1", "FiveStartest1\FiveStartest1.csproj", "{35AC03DE-12FA-4378-815D-5A5BA3425A9C}"
EndProject
Global
	GlobalSection(SolutionConfigurationPlatforms) = preSolution
		Debug|Any CPU = Debug|Any CPU
		Release|Any CPU = Release|Any CPU
	EndGlobalSection
	GlobalSection(ProjectConfigurationPlatforms) = postSolution
		{35AC03DE-12FA-4378-815D-5A5BA3425A9C}.Debug|Any CPU.ActiveCfg = Debug|Any CPU
		{35AC03DE-12FA-4378-815D-5A5BA3425A9C}.Debug|Any CPU.Build.0 = Debug|Any CPU
		{35AC03DE-12FA-4378-815D-5A5BA3425A9C}.Release|Any CPU.ActiveCfg = Release|Any CPU
		{35AC03DE-12FA-4378-815D-5A5BA3425A9C}.Release|Any CPU.Build.0 = Release|Any CPU
	EndGlobalSection
EndGlobal
